
Microsoft Visual Studio Solution File, Format Version 12.00
# Visual Studio Version 17
VisualStudioVersion = 17.9.34728.123
MinimumVisualStudioVersion = 10.0.40219.1
Project("{FAE04EC0-301F-11D3-BF4B-00C04F79EFBC}") = "OrderManagementSystem", "OrderManagementSystem\OrderManagementSystem.csproj", "{99D20585-3575-44D4-A201-A79DBA0A1526}"
EndProject
Project("{FAE04EC0-301F-11D3-BF4B-00C04F79EFBC}") = "OrderManagementSystem.Tests", "OrderManagementSystem.Tests\OrderManagementSystem.Tests.csproj", "{C1989692-6027-425F-BDCB-69FA9D9A552B}"
EndProject
Global
	GlobalSection(SolutionConfigurationPlatforms) = preSolution
		Debug|Any CPU = Debug|Any CPU
		Release|Any CPU = Release|Any CPU
	EndGlobalSection
	GlobalSection(ProjectConfigurationPlatforms) = postSolution
		{99D20585-3575-44D4-A201-A79DBA0A1526}.Debug|Any CPU.ActiveCfg = Debug|Any CPU
		{99D20585-3575-44D4-A201-A79DBA0A1526}.Debug|Any CPU.Build.0 = Debug|Any CPU
		{99D20585-3575-44D4-A201-A79DBA0A1526}.Release|Any CPU.ActiveCfg = Release|Any CPU
		{99D20585-3575-44D4-A201-A79DBA0A1526}.Release|Any CPU.Build.0 = Release|Any CPU
		{C1989692-6027-425F-BDCB-69FA9D9A552B}.Debug|Any CPU.ActiveCfg = Debug|Any CPU
		{C1989692-6027-425F-BDCB-69FA9D9A552B}.Debug|Any CPU.Build.0 = Debug|Any CPU
		{C1989692-6027-425F-BDCB-69FA9D9A552B}.Release|Any CPU.ActiveCfg = Release|Any CPU
		{C1989692-6027-425F-BDCB-69FA9D9A552B}.Release|Any CPU.Build.0 = Release|Any CPU
	EndGlobalSection
	GlobalSection(SolutionProperties) = preSolution
		HideSolutionNode = FALSE
	EndGlobalSection
	GlobalSection(ExtensibilityGlobals) = postSolution
		SolutionGuid = {A78272BA-F56D-4BF1-9C23-33E5F42EB9FB}
	EndGlobalSection
EndGlobal
